// !$*UTF8*$!
{
	archiveVersion = 1;
	classes = {
	};
	objectVersion = 56;
	objects = {

/* Begin PBXBuildFile section */
		B4456BD22B709A1D0071D4C8 /* FlagApp.swift in Sources */ = {isa = PBXBuildFile; fileRef = B4456BD12B709A1D0071D4C8 /* FlagApp.swift */; };
		B4456BD42B709A1D0071D4C8 /* ContentView.swift in Sources */ = {isa = PBXBuildFile; fileRef = B4456BD32B709A1D0071D4C8 /* ContentView.swift */; };
		B4456BD62B709A1E0071D4C8 /* Assets.xcassets in Resources */ = {isa = PBXBuildFile; fileRef = B4456BD52B709A1E0071D4C8 /* Assets.xcassets */; };
		B4456BD92B709A1E0071D4C8 /* Preview Assets.xcassets in Resources */ = {isa = PBXBuildFile; fileRef = B4456BD82B709A1E0071D4C8 /* Preview Assets.xcassets */; };
		B4456BE32B709A1E0071D4C8 /* FlagTests.swift in Sources */ = {isa = PBXBuildFile; fileRef = B4456BE22B709A1E0071D4C8 /* FlagTests.swift */; };
		B4456BED2B709A1E0071D4C8 /* FlagUITests.swift in Sources */ = {isa = PBXBuildFile; fileRef = B4456BEC2B709A1E0071D4C8 /* FlagUITests.swift */; };
		B4456BEF2B709A1E0071D4C8 /* FlagUITestsLaunchTests.swift in Sources */ = {isa = PBXBuildFile; fileRef = B4456BEE2B709A1E0071D4C8 /* FlagUITestsLaunchTests.swift */; };
/* End PBXBuildFile section */

/* Begin PBXContainerItemProxy section */
		B4456BDF2B709A1E0071D4C8 /* PBXContainerItemProxy */ = {
			isa = PBXContainerItemProxy;
			containerPortal = B4456BC62B709A1C0071D4C8 /* Project object */;
			proxyType = 1;
			remoteGlobalIDString = B4456BCD2B709A1D0071D4C8;
			remoteInfo = Flag;
		};
		B4456BE92B709A1E0071D4C8 /* PBXContainerItemProxy */ = {
			isa = PBXContainerItemProxy;
			containerPortal = B4456BC62B709A1C0071D4C8 /* Project object */;
			proxyType = 1;
			remoteGlobalIDString = B4456BCD2B709A1D0071D4C8;
			remoteInfo = Flag;
		};
/* End PBXContainerItemProxy section */

/* Begin PBXFileReference section */
		B4456BCE2B709A1D0071D4C8 /* Flag.app */ = {isa = PBXFileReference; explicitFileType = wrapper.application; includeInIndex = 0; path = Flag.app; sourceTree = BUILT_PRODUCTS_DIR; };
		B4456BD12B709A1D0071D4C8 /* FlagApp.swift */ = {isa = PBXFileReference; lastKnownFileType = sourcecode.swift; path = FlagApp.swift; sourceTree = "<group>"; };
		B4456BD32B709A1D0071D4C8 /* ContentView.swift */ = {isa = PBXFileReference; lastKnownFileType = sourcecode.swift; path = ContentView.swift; sourceTree = "<group>"; };
		B4456BD52B709A1E0071D4C8 /* Assets.xcassets */ = {isa = PBXFileReference; lastKnownFileType = folder.assetcatalog; path = Assets.xcassets; sourceTree = "<group>"; };
		B4456BD82B709A1E0071D4C8 /* Preview Assets.xcassets */ = {isa = PBXFileReference; lastKnownFileType = folder.assetcatalog; path = "Preview Assets.xcassets"; sourceTree = "<group>"; };
		B4456BDE2B709A1E0071D4C8 /* FlagTests.xctest */ = {isa = PBXFileReference; explicitFileType = wrapper.cfbundle; includeInIndex = 0; path = FlagTests.xctest; sourceTree = BUILT_PRODUCTS_DIR; };
		B4456BE22B709A1E0071D4C8 /* FlagTests.swift */ = {isa = PBXFileReference; lastKnownFileType = sourcecode.swift; path = FlagTests.swift; sourceTree = "<group>"; };
		B4456BE82B709A1E0071D4C8 /* FlagUITests.xctest */ = {isa = PBXFileReference; explicitFileType = wrapper.cfbundle; includeInIndex = 0; path = FlagUITests.xctest; sourceTree = BUILT_PRODUCTS_DIR; };
		B4456BEC2B709A1E0071D4C8 /* FlagUITests.swift */ = {isa = PBXFileReference; lastKnownFileType = sourcecode.swift; path = FlagUITests.swift; sourceTree = "<group>"; };
		B4456BEE2B709A1E0071D4C8 /* FlagUITestsLaunchTests.swift */ = {isa = PBXFileReference; lastKnownFileType = sourcecode.swift; path = FlagUITestsLaunchTests.swift; sourceTree = "<group>"; };
/* End PBXFileReference section */

/* Begin PBXFrameworksBuildPhase section */
		B4456BCB2B709A1D0071D4C8 /* Frameworks */ = {
			isa = PBXFrameworksBuildPhase;
			buildActionMask = 2147483647;
			files = (
			);
			runOnlyForDeploymentPostprocessing = 0;
		};
		B4456BDB2B709A1E0071D4C8 /* Frameworks */ = {
			isa = PBXFrameworksBuildPhase;
			buildActionMask = 2147483647;
			files = (
			);
			runOnlyForDeploymentPostprocessing = 0;
		};
		B4456BE52B709A1E0071D4C8 /* Frameworks */ = {
			isa = PBXFrameworksBuildPhase;
			buildActionMask = 2147483647;
			files = (
			);
			runOnlyForDeploymentPostprocessing = 0;
		};
/* End PBXFrameworksBuildPhase section */

/* Begin PBXGroup section */
		B4456BC52B709A1C0071D4C8 = {
			isa = PBXGroup;
			children = (
				B4456BD02B709A1D0071D4C8 /* Flag */,
				B4456BE12B709A1E0071D4C8 /* FlagTests */,
				B4456BEB2B709A1E0071D4C8 /* FlagUITests */,
				B4456BCF2B709A1D0071D4C8 /* Products */,
			);
			sourceTree = "<group>";
		};
		B4456BCF2B709A1D0071D4C8 /* Products */ = {
			isa = PBXGroup;
			children = (
				B4456BCE2B709A1D0071D4C8 /* Flag.app */,
				B4456BDE2B709A1E0071D4C8 /* FlagTests.xctest */,
				B4456BE82B709A1E0071D4C8 /* FlagUITests.xctest */,
			);
			name = Products;
			sourceTree = "<group>";
		};
		B4456BD02B709A1D0071D4C8 /* Flag */ = {
			isa = PBXGroup;
			children = (
				B4456BD12B709A1D0071D4C8 /* FlagApp.swift */,
				B4456BD32B709A1D0071D4C8 /* ContentView.swift */,
				B4456BD52B709A1E0071D4C8 /* Assets.xcassets */,
				B4456BD72B709A1E0071D4C8 /* Preview Content */,
			);
			path = Flag;
			sourceTree = "<group>";
		};
		B4456BD72B709A1E0071D4C8 /* Preview Content */ = {
			isa = PBXGroup;
			children = (
				B4456BD82B709A1E0071D4C8 /* Preview Assets.xcassets */,
			);
			path = "Preview Content";
			sourceTree = "<group>";
		};
		B4456BE12B709A1E0071D4C8 /* FlagTests */ = {
			isa = PBXGroup;
			children = (
				B4456BE22B709A1E0071D4C8 /* FlagTests.swift */,
			);
			path = FlagTests;
			sourceTree = "<group>";
		};
		B4456BEB2B709A1E0071D4C8 /* FlagUITests */ = {
			isa = PBXGroup;
			children = (
				B4456BEC2B709A1E0071D4C8 /* FlagUITests.swift */,
				B4456BEE2B709A1E0071D4C8 /* FlagUITestsLaunchTests.swift */,
			);
			path = FlagUITests;
			sourceTree = "<group>";
		};
/* End PBXGroup section */

/* Begin PBXNativeTarget section */
		B4456BCD2B709A1D0071D4C8 /* Flag */ = {
			isa = PBXNativeTarget;
			buildConfigurationList = B4456BF22B709A1E0071D4C8 /* Build configuration list for PBXNativeTarget "Flag" */;
			buildPhases = (
				B4456BCA2B709A1D0071D4C8 /* Sources */,
				B4456BCB2B709A1D0071D4C8 /* Frameworks */,
				B4456BCC2B709A1D0071D4C8 /* Resources */,
			);
			buildRules = (
			);
			dependencies = (
			);
			name = Flag;
			productName = Flag;
			productReference = B4456BCE2B709A1D0071D4C8 /* Flag.app */;
			productType = "com.apple.product-type.application";
		};
		B4456BDD2B709A1E0071D4C8 /* FlagTests */ = {
			isa = PBXNativeTarget;
			buildConfigurationList = B4456BF52B709A1E0071D4C8 /* Build configuration list for PBXNativeTarget "FlagTests" */;
			buildPhases = (
				B4456BDA2B709A1E0071D4C8 /* Sources */,
				B4456BDB2B709A1E0071D4C8 /* Frameworks */,
				B4456BDC2B709A1E0071D4C8 /* Resources */,
			);
			buildRules = (
			);
			dependencies = (
				B4456BE02B709A1E0071D4C8 /* PBXTargetDependency */,
			);
			name = FlagTests;
			productName = FlagTests;
			productReference = B4456BDE2B709A1E0071D4C8 /* FlagTests.xctest */;
			productType = "com.apple.product-type.bundle.unit-test";
		};
		B4456BE72B709A1E0071D4C8 /* FlagUITests */ = {
			isa = PBXNativeTarget;
			buildConfigurationList = B4456BF82B709A1E0071D4C8 /* Build configuration list for PBXNativeTarget "FlagUITests" */;
			buildPhases = (
				B4456BE42B709A1E0071D4C8 /* Sources */,
				B4456BE52B709A1E0071D4C8 /* Frameworks */,
				B4456BE62B709A1E0071D4C8 /* Resources */,
			);
			buildRules = (
			);
			dependencies = (
				B4456BEA2B709A1E0071D4C8 /* PBXTargetDependency */,
			);
			name = FlagUITests;
			productName = FlagUITests;
			productReference = B4456BE82B709A1E0071D4C8 /* FlagUITests.xctest */;
			productType = "com.apple.product-type.bundle.ui-testing";
		};
/* End PBXNativeTarget section */

/* Begin PBXProject section */
		B4456BC62B709A1C0071D4C8 /* Project object */ = {
			isa = PBXProject;
			attributes = {
				BuildIndependentTargetsInParallel = 1;
				LastSwiftUpdateCheck = 1430;
				LastUpgradeCheck = 1430;
				TargetAttributes = {
					B4456BCD2B709A1D0071D4C8 = {
						CreatedOnToolsVersion = 14.3.1;
					};
					B4456BDD2B709A1E0071D4C8 = {
						CreatedOnToolsVersion = 14.3.1;
						TestTargetID = B4456BCD2B709A1D0071D4C8;
					};
					B4456BE72B709A1E0071D4C8 = {
						CreatedOnToolsVersion = 14.3.1;
						TestTargetID = B4456BCD2B709A1D0071D4C8;
					};
				};
			};
			buildConfigurationList = B4456BC92B709A1C0071D4C8 /* Build configuration list for PBXProject "Flag" */;
			compatibilityVersion = "Xcode 14.0";
			developmentRegion = en;
			hasScannedForEncodings = 0;
			knownRegions = (
				en,
				Base,
			);
			mainGroup = B4456BC52B709A1C0071D4C8;
			productRefGroup = B4456BCF2B709A1D0071D4C8 /* Products */;
			projectDirPath = "";
			projectRoot = "";
			targets = (
				B4456BCD2B709A1D0071D4C8 /* Flag */,
				B4456BDD2B709A1E0071D4C8 /* FlagTests */,
				B4456BE72B709A1E0071D4C8 /* FlagUITests */,
			);
		};
/* End PBXProject section */

/* Begin PBXResourcesBuildPhase section */
		B4456BCC2B709A1D0071D4C8 /* Resources */ = {
			isa = PBXResourcesBuildPhase;
			buildActionMask = 2147483647;
			files = (
				B4456BD92B709A1E0071D4C8 /* Preview Assets.xcassets in Resources */,
				B4456BD62B709A1E0071D4C8 /* Assets.xcassets in Resources */,
			);
			runOnlyForDeploymentPostprocessing = 0;
		};
		B4456BDC2B709A1E0071D4C8 /* Resources */ = {
			isa = PBXResourcesBuildPhase;
			buildActionMask = 2147483647;
			files = (
			);
			runOnlyForDeploymentPostprocessing = 0;
		};
		B4456BE62B709A1E0071D4C8 /* Resources */ = {
			isa = PBXResourcesBuildPhase;
			buildActionMask = 2147483647;
			files = (
			);
			runOnlyForDeploymentPostprocessing = 0;
		};
/* End PBXResourcesBuildPhase section */

/* Begin PBXSourcesBuildPhase section */
		B4456BCA2B709A1D0071D4C8 /* Sources */ = {
			isa = PBXSourcesBuildPhase;
			buildActionMask = 2147483647;
			files = (
				B4456BD42B709A1D0071D4C8 /* ContentView.swift in Sources */,
				B4456BD22B709A1D0071D4C8 /* FlagApp.swift in Sources */,
			);
			runOnlyForDeploymentPostprocessing = 0;
		};
		B4456BDA2B709A1E0071D4C8 /* Sources */ = {
			isa = PBXSourcesBuildPhase;
			buildActionMask = 2147483647;
			files = (
				B4456BE32B709A1E0071D4C8 /* FlagTests.swift in Sources */,
			);
			runOnlyForDeploymentPostprocessing = 0;
		};
		B4456BE42B709A1E0071D4C8 /* Sources */ = {
			isa = PBXSourcesBuildPhase;
			buildActionMask = 2147483647;
			files = (
				B4456BEF2B709A1E0071D4C8 /* FlagUITestsLaunchTests.swift in Sources */,
				B4456BED2B709A1E0071D4C8 /* FlagUITests.swift in Sources */,
			);
			runOnlyForDeploymentPostprocessing = 0;
		};
/* End PBXSourcesBuildPhase section */

/* Begin PBXTargetDependency section */
		B4456BE02B709A1E0071D4C8 /* PBXTargetDependency */ = {
			isa = PBXTargetDependency;
			target = B4456BCD2B709A1D0071D4C8 /* Flag */;
			targetProxy = B4456BDF2B709A1E0071D4C8 /* PBXContainerItemProxy */;
		};
		B4456BEA2B709A1E0071D4C8 /* PBXTargetDependency */ = {
			isa = PBXTargetDependency;
			target = B4456BCD2B709A1D0071D4C8 /* Flag */;
			targetProxy = B4456BE92B709A1E0071D4C8 /* PBXContainerItemProxy */;
		};
/* End PBXTargetDependency section */

/* Begin XCBuildConfiguration section */
		B4456BF02B709A1E0071D4C8 /* Debug */ = {
			isa = XCBuildConfiguration;
			buildSettings = {
				ALWAYS_SEARCH_USER_PATHS = NO;
				CLANG_ANALYZER_NONNULL = YES;
				CLANG_ANALYZER_NUMBER_OBJECT_CONVERSION = YES_AGGRESSIVE;
				CLANG_CXX_LANGUAGE_STANDARD = "gnu++20";
				CLANG_ENABLE_MODULES = YES;
				CLANG_ENABLE_OBJC_ARC = YES;
				CLANG_ENABLE_OBJC_WEAK = YES;
				CLANG_WARN_BLOCK_CAPTURE_AUTORELEASING = YES;
				CLANG_WARN_BOOL_CONVERSION = YES;
				CLANG_WARN_COMMA = YES;
				CLANG_WARN_CONSTANT_CONVERSION = YES;
				CLANG_WARN_DEPRECATED_OBJC_IMPLEMENTATIONS = YES;
				CLANG_WARN_DIRECT_OBJC_ISA_USAGE = YES_ERROR;
				CLANG_WARN_DOCUMENTATION_COMMENTS = YES;
				CLANG_WARN_EMPTY_BODY = YES;
				CLANG_WARN_ENUM_CONVERSION = YES;
				CLANG_WARN_INFINITE_RECURSION = YES;
				CLANG_WARN_INT_CONVERSION = YES;
				CLANG_WARN_NON_LITERAL_NULL_CONVERSION = YES;
				CLANG_WARN_OBJC_IMPLICIT_RETAIN_SELF = YES;
				CLANG_WARN_OBJC_LITERAL_CONVERSION = YES;
				CLANG_WARN_OBJC_ROOT_CLASS = YES_ERROR;
				CLANG_WARN_QUOTED_INCLUDE_IN_FRAMEWORK_HEADER = YES;
				CLANG_WARN_RANGE_LOOP_ANALYSIS = YES;
				CLANG_WARN_STRICT_PROTOTYPES = YES;
				CLANG_WARN_SUSPICIOUS_MOVE = YES;
				CLANG_WARN_UNGUARDED_AVAILABILITY = YES_AGGRESSIVE;
				CLANG_WARN_UNREACHABLE_CODE = YES;
				CLANG_WARN__DUPLICATE_METHOD_MATCH = YES;
				COPY_PHASE_STRIP = NO;
				DEBUG_INFORMATION_FORMAT = dwarf;
				ENABLE_STRICT_OBJC_MSGSEND = YES;
				ENABLE_TESTABILITY = YES;
				GCC_C_LANGUAGE_STANDARD = gnu11;
				GCC_DYNAMIC_NO_PIC = NO;
				GCC_NO_COMMON_BLOCKS = YES;
				GCC_OPTIMIZATION_LEVEL = 0;
				GCC_PREPROCESSOR_DEFINITIONS = (
					"DEBUG=1",
					"$(inherited)",
				);
				GCC_WARN_64_TO_32_BIT_CONVERSION = YES;
				GCC_WARN_ABOUT_RETURN_TYPE = YES_ERROR;
				GCC_WARN_UNDECLARED_SELECTOR = YES;
				GCC_WARN_UNINITIALIZED_AUTOS = YES_AGGRESSIVE;
				GCC_WARN_UNUSED_FUNCTION = YES;
				GCC_WARN_UNUSED_VARIABLE = YES;
				IPHONEOS_DEPLOYMENT_TARGET = 16.4;
				MTL_ENABLE_DEBUG_INFO = INCLUDE_SOURCE;
				MTL_FAST_MATH = YES;
				ONLY_ACTIVE_ARCH = YES;
				SDKROOT = iphoneos;
				SWIFT_ACTIVE_COMPILATION_CONDITIONS = DEBUG;
				SWIFT_OPTIMIZATION_LEVEL = "-Onone";
			};
			name = Debug;
		};
		B4456BF12B709A1E0071D4C8 /* Release */ = {
			isa = XCBuildConfiguration;
			buildSettings = {
				ALWAYS_SEARCH_USER_PATHS = NO;
				CLANG_ANALYZER_NONNULL = YES;
				CLANG_ANALYZER_NUMBER_OBJECT_CONVERSION = YES_AGGRESSIVE;
				CLANG_CXX_LANGUAGE_STANDARD = "gnu++20";
				CLANG_ENABLE_MODULES = YES;
				CLANG_ENABLE_OBJC_ARC = YES;
				CLANG_ENABLE_OBJC_WEAK = YES;
				CLANG_WARN_BLOCK_CAPTURE_AUTORELEASING = YES;
				CLANG_WARN_BOOL_CONVERSION = YES;
				CLANG_WARN_COMMA = YES;
				CLANG_WARN_CONSTANT_CONVERSION = YES;
				CLANG_WARN_DEPRECATED_OBJC_IMPLEMENTATIONS = YES;
				CLANG_WARN_DIRECT_OBJC_ISA_USAGE = YES_ERROR;
				CLANG_WARN_DOCUMENTATION_COMMENTS = YES;
				CLANG_WARN_EMPTY_BODY = YES;
				CLANG_WARN_ENUM_CONVERSION = YES;
				CLANG_WARN_INFINITE_RECURSION = YES;
				CLANG_WARN_INT_CONVERSION = YES;
				CLANG_WARN_NON_LITERAL_NULL_CONVERSION = YES;
				CLANG_WARN_OBJC_IMPLICIT_RETAIN_SELF = YES;
				CLANG_WARN_OBJC_LITERAL_CONVERSION = YES;
				CLANG_WARN_OBJC_ROOT_CLASS = YES_ERROR;
				CLANG_WARN_QUOTED_INCLUDE_IN_FRAMEWORK_HEADER = YES;
				CLANG_WARN_RANGE_LOOP_ANALYSIS = YES;
				CLANG_WARN_STRICT_PROTOTYPES = YES;
				CLANG_WARN_SUSPICIOUS_MOVE = YES;
				CLANG_WARN_UNGUARDED_AVAILABILITY = YES_AGGRESSIVE;
				CLANG_WARN_UNREACHABLE_CODE = YES;
				CLANG_WARN__DUPLICATE_METHOD_MATCH = YES;
				COPY_PHASE_STRIP = NO;
				DEBUG_INFORMATION_FORMAT = "dwarf-with-dsym";
				ENABLE_NS_ASSERTIONS = NO;
				ENABLE_STRICT_OBJC_MSGSEND = YES;
				GCC_C_LANGUAGE_STANDARD = gnu11;
				GCC_NO_COMMON_BLOCKS = YES;
				GCC_WARN_64_TO_32_BIT_CONVERSION = YES;
				GCC_WARN_ABOUT_RETURN_TYPE = YES_ERROR;
				GCC_WARN_UNDECLARED_SELECTOR = YES;
				GCC_WARN_UNINITIALIZED_AUTOS = YES_AGGRESSIVE;
				GCC_WARN_UNUSED_FUNCTION = YES;
				GCC_WARN_UNUSED_VARIABLE = YES;
				IPHONEOS_DEPLOYMENT_TARGET = 16.4;
				MTL_ENABLE_DEBUG_INFO = NO;
				MTL_FAST_MATH = YES;
				SDKROOT = iphoneos;
				SWIFT_COMPILATION_MODE = wholemodule;
				SWIFT_OPTIMIZATION_LEVEL = "-O";
				VALIDATE_PRODUCT = YES;
			};
			name = Release;
		};
		B4456BF32B709A1E0071D4C8 /* Debug */ = {
			isa = XCBuildConfiguration;
			buildSettings = {
				ASSETCATALOG_COMPILER_APPICON_NAME = AppIcon;
				ASSETCATALOG_COMPILER_GLOBAL_ACCENT_COLOR_NAME = AccentColor;
				CODE_SIGN_STYLE = Automatic;
				CURRENT_PROJECT_VERSION = 1;
				DEVELOPMENT_ASSET_PATHS = "\"Flag/Preview Content\"";
				ENABLE_PREVIEWS = YES;
				GENERATE_INFOPLIST_FILE = YES;
				INFOPLIST_KEY_UIApplicationSceneManifest_Generation = YES;
				INFOPLIST_KEY_UIApplicationSupportsIndirectInputEvents = YES;
				INFOPLIST_KEY_UILaunchScreen_Generation = YES;
				INFOPLIST_KEY_UISupportedInterfaceOrientations_iPad = "UIInterfaceOrientationPortrait UIInterfaceOrientationPortraitUpsideDown UIInterfaceOrientationLandscapeLeft UIInterfaceOrientationLandscapeRight";
				INFOPLIST_KEY_UISupportedInterfaceOrientations_iPhone = "UIInterfaceOrientationPortrait UIInterfaceOrientationLandscapeLeft UIInterfaceOrientationLandscapeRight";
				LD_RUNPATH_SEARCH_PATHS = (
					"$(inherited)",
					"@executable_path/Frameworks",
				);
				MARKETING_VERSION = 1.0;
				PRODUCT_BUNDLE_IDENTIFIER = com.owner.Flag;
				PRODUCT_NAME = "$(TARGET_NAME)";
				SWIFT_EMIT_LOC_STRINGS = YES;
				SWIFT_VERSION = 5.0;
				TARGETED_DEVICE_FAMILY = "1,2";
			};
			name = Debug;
		};
		B4456BF42B709A1E0071D4C8 /* Release */ = {
			isa = XCBuildConfiguration;
			buildSettings = {
				ASSETCATALOG_COMPILER_APPICON_NAME = AppIcon;
				ASSETCATALOG_COMPILER_GLOBAL_ACCENT_COLOR_NAME = AccentColor;
				CODE_SIGN_STYLE = Automatic;
				CURRENT_PROJECT_VERSION = 1;
				DEVELOPMENT_ASSET_PATHS = "\"Flag/Preview Content\"";
				ENABLE_PREVIEWS = YES;
				GENERATE_INFOPLIST_FILE = YES;
				INFOPLIST_KEY_UIApplicationSceneManifest_Generation = YES;
				INFOPLIST_KEY_UIApplicationSupportsIndirectInputEvents = YES;
				INFOPLIST_KEY_UILaunchScreen_Generation = YES;
				INFOPLIST_KEY_UISupportedInterfaceOrientations_iPad = "UIInterfaceOrientationPortrait UIInterfaceOrientationPortraitUpsideDown UIInterfaceOrientationLandscapeLeft UIInterfaceOrientationLandscapeRight";
				INFOPLIST_KEY_UISupportedInterfaceOrientations_iPhone = "UIInterfaceOrientationPortrait UIInterfaceOrientationLandscapeLeft UIInterfaceOrientationLandscapeRight";
				LD_RUNPATH_SEARCH_PATHS = (
					"$(inherited)",
					"@executable_path/Frameworks",
				);
				MARKETING_VERSION = 1.0;
				PRODUCT_BUNDLE_IDENTIFIER = com.owner.Flag;
				PRODUCT_NAME = "$(TARGET_NAME)";
				SWIFT_EMIT_LOC_STRINGS = YES;
				SWIFT_VERSION = 5.0;
				TARGETED_DEVICE_FAMILY = "1,2";
			};
			name = Release;
		};
		B4456BF62B709A1E0071D4C8 /* Debug */ = {
			isa = XCBuildConfiguration;
			buildSettings = {
				ALWAYS_EMBED_SWIFT_STANDARD_LIBRARIES = YES;
				BUNDLE_LOADER = "$(TEST_HOST)";
				CODE_SIGN_STYLE = Automatic;
				CURRENT_PROJECT_VERSION = 1;
				GENERATE_INFOPLIST_FILE = YES;
				IPHONEOS_DEPLOYMENT_TARGET = 16.4;
				MARKETING_VERSION = 1.0;
				PRODUCT_BUNDLE_IDENTIFIER = com.owner.FlagTests;
				PRODUCT_NAME = "$(TARGET_NAME)";
				SWIFT_EMIT_LOC_STRINGS = NO;
				SWIFT_VERSION = 5.0;
				TARGETED_DEVICE_FAMILY = "1,2";
				TEST_HOST = "$(BUILT_PRODUCTS_DIR)/Flag.app/$(BUNDLE_EXECUTABLE_FOLDER_PATH)/Flag";
			};
			name = Debug;
		};
		B4456BF72B709A1E0071D4C8 /* Release */ = {
			isa = XCBuildConfiguration;
			buildSettings = {
				ALWAYS_EMBED_SWIFT_STANDARD_LIBRARIES = YES;
				BUNDLE_LOADER = "$(TEST_HOST)";
				CODE_SIGN_STYLE = Automatic;
				CURRENT_PROJECT_VERSION = 1;
				GENERATE_INFOPLIST_FILE = YES;
				IPHONEOS_DEPLOYMENT_TARGET = 16.4;
				MARKETING_VERSION = 1.0;
				PRODUCT_BUNDLE_IDENTIFIER = com.owner.FlagTests;
				PRODUCT_NAME = "$(TARGET_NAME)";
				SWIFT_EMIT_LOC_STRINGS = NO;
				SWIFT_VERSION = 5.0;
				TARGETED_DEVICE_FAMILY = "1,2";
				TEST_HOST = "$(BUILT_PRODUCTS_DIR)/Flag.app/$(BUNDLE_EXECUTABLE_FOLDER_PATH)/Flag";
			};
			name = Release;
		};
		B4456BF92B709A1E0071D4C8 /* Debug */ = {
			isa = XCBuildConfiguration;
			buildSettings = {
				ALWAYS_EMBED_SWIFT_STANDARD_LIBRARIES = YES;
				CODE_SIGN_STYLE = Automatic;
				CURRENT_PROJECT_VERSION = 1;
				GENERATE_INFOPLIST_FILE = YES;
				MARKETING_VERSION = 1.0;
				PRODUCT_BUNDLE_IDENTIFIER = com.owner.FlagUITests;
				PRODUCT_NAME = "$(TARGET_NAME)";
				SWIFT_EMIT_LOC_STRINGS = NO;
				SWIFT_VERSION = 5.0;
				TARGETED_DEVICE_FAMILY = "1,2";
				TEST_TARGET_NAME = Flag;
			};
			name = Debug;
		};
		B4456BFA2B709A1E0071D4C8 /* Release */ = {
			isa = XCBuildConfiguration;
			buildSettings = {
				ALWAYS_EMBED_SWIFT_STANDARD_LIBRARIES = YES;
				CODE_SIGN_STYLE = Automatic;
				CURRENT_PROJECT_VERSION = 1;
				GENERATE_INFOPLIST_FILE = YES;
				MARKETING_VERSION = 1.0;
				PRODUCT_BUNDLE_IDENTIFIER = com.owner.FlagUITests;
				PRODUCT_NAME = "$(TARGET_NAME)";
				SWIFT_EMIT_LOC_STRINGS = NO;
				SWIFT_VERSION = 5.0;
				TARGETED_DEVICE_FAMILY = "1,2";
				TEST_TARGET_NAME = Flag;
			};
			name = Release;
		};
/* End XCBuildConfiguration section */

/* Begin XCConfigurationList section */
		B4456BC92B709A1C0071D4C8 /* Build configuration list for PBXProject "Flag" */ = {
			isa = XCConfigurationList;
			buildConfigurations = (
				B4456BF02B709A1E0071D4C8 /* Debug */,
				B4456BF12B709A1E0071D4C8 /* Release */,
			);
			defaultConfigurationIsVisible = 0;
			defaultConfigurationName = Release;
		};
		B4456BF22B709A1E0071D4C8 /* Build configuration list for PBXNativeTarget "Flag" */ = {
			isa = XCConfigurationList;
			buildConfigurations = (
				B4456BF32B709A1E0071D4C8 /* Debug */,
				B4456BF42B709A1E0071D4C8 /* Release */,
			);
			defaultConfigurationIsVisible = 0;
			defaultConfigurationName = Release;
		};
		B4456BF52B709A1E0071D4C8 /* Build configuration list for PBXNativeTarget "FlagTests" */ = {
			isa = XCConfigurationList;
			buildConfigurations = (
				B4456BF62B709A1E0071D4C8 /* Debug */,
				B4456BF72B709A1E0071D4C8 /* Release */,
			);
			defaultConfigurationIsVisible = 0;
			defaultConfigurationName = Release;
		};
		B4456BF82B709A1E0071D4C8 /* Build configuration list for PBXNativeTarget "FlagUITests" */ = {
			isa = XCConfigurationList;
			buildConfigurations = (
				B4456BF92B709A1E0071D4C8 /* Debug */,
				B4456BFA2B709A1E0071D4C8 /* Release */,
			);
			defaultConfigurationIsVisible = 0;
			defaultConfigurationName = Release;
		};
/* End XCConfigurationList section */
	};
	rootObject = B4456BC62B709A1C0071D4C8 /* Project object */;
}
