// !$*UTF8*$!
{
	archiveVersion = 1;
	classes = {
	};
	objectVersion = 56;
	objects = {

/* Begin PBXBuildFile section */
		B439E3B52B7730410036BE10 /* AnimationApp.swift in Sources */ = {isa = PBXBuildFile; fileRef = B439E3B42B7730410036BE10 /* AnimationApp.swift */; };
		B439E3B72B7730410036BE10 /* ContentView.swift in Sources */ = {isa = PBXBuildFile; fileRef = B439E3B62B7730410036BE10 /* ContentView.swift */; };
		B439E3B92B7730430036BE10 /* Assets.xcassets in Resources */ = {isa = PBXBuildFile; fileRef = B439E3B82B7730430036BE10 /* Assets.xcassets */; };
		B439E3BC2B7730430036BE10 /* Preview Assets.xcassets in Resources */ = {isa = PBXBuildFile; fileRef = B439E3BB2B7730430036BE10 /* Preview Assets.xcassets */; };
		B439E3C62B7730430036BE10 /* AnimationTests.swift in Sources */ = {isa = PBXBuildFile; fileRef = B439E3C52B7730430036BE10 /* AnimationTests.swift */; };
		B439E3D02B7730430036BE10 /* AnimationUITests.swift in Sources */ = {isa = PBXBuildFile; fileRef = B439E3CF2B7730430036BE10 /* AnimationUITests.swift */; };
		B439E3D22B7730430036BE10 /* AnimationUITestsLaunchTests.swift in Sources */ = {isa = PBXBuildFile; fileRef = B439E3D12B7730430036BE10 /* AnimationUITestsLaunchTests.swift */; };
/* End PBXBuildFile section */

/* Begin PBXContainerItemProxy section */
		B439E3C22B7730430036BE10 /* PBXContainerItemProxy */ = {
			isa = PBXContainerItemProxy;
			containerPortal = B439E3A92B7730410036BE10 /* Project object */;
			proxyType = 1;
			remoteGlobalIDString = B439E3B02B7730410036BE10;
			remoteInfo = Animation;
		};
		B439E3CC2B7730430036BE10 /* PBXContainerItemProxy */ = {
			isa = PBXContainerItemProxy;
			containerPortal = B439E3A92B7730410036BE10 /* Project object */;
			proxyType = 1;
			remoteGlobalIDString = B439E3B02B7730410036BE10;
			remoteInfo = Animation;
		};
/* End PBXContainerItemProxy section */

/* Begin PBXFileReference section */
		B439E3B12B7730410036BE10 /* Animation.app */ = {isa = PBXFileReference; explicitFileType = wrapper.application; includeInIndex = 0; path = Animation.app; sourceTree = BUILT_PRODUCTS_DIR; };
		B439E3B42B7730410036BE10 /* AnimationApp.swift */ = {isa = PBXFileReference; lastKnownFileType = sourcecode.swift; path = AnimationApp.swift; sourceTree = "<group>"; };
		B439E3B62B7730410036BE10 /* ContentView.swift */ = {isa = PBXFileReference; lastKnownFileType = sourcecode.swift; path = ContentView.swift; sourceTree = "<group>"; };
		B439E3B82B7730430036BE10 /* Assets.xcassets */ = {isa = PBXFileReference; lastKnownFileType = folder.assetcatalog; path = Assets.xcassets; sourceTree = "<group>"; };
		B439E3BB2B7730430036BE10 /* Preview Assets.xcassets */ = {isa = PBXFileReference; lastKnownFileType = folder.assetcatalog; path = "Preview Assets.xcassets"; sourceTree = "<group>"; };
		B439E3C12B7730430036BE10 /* AnimationTests.xctest */ = {isa = PBXFileReference; explicitFileType = wrapper.cfbundle; includeInIndex = 0; path = AnimationTests.xctest; sourceTree = BUILT_PRODUCTS_DIR; };
		B439E3C52B7730430036BE10 /* AnimationTests.swift */ = {isa = PBXFileReference; lastKnownFileType = sourcecode.swift; path = AnimationTests.swift; sourceTree = "<group>"; };
		B439E3CB2B7730430036BE10 /* AnimationUITests.xctest */ = {isa = PBXFileReference; explicitFileType = wrapper.cfbundle; includeInIndex = 0; path = AnimationUITests.xctest; sourceTree = BUILT_PRODUCTS_DIR; };
		B439E3CF2B7730430036BE10 /* AnimationUITests.swift */ = {isa = PBXFileReference; lastKnownFileType = sourcecode.swift; path = AnimationUITests.swift; sourceTree = "<group>"; };
		B439E3D12B7730430036BE10 /* AnimationUITestsLaunchTests.swift */ = {isa = PBXFileReference; lastKnownFileType = sourcecode.swift; path = AnimationUITestsLaunchTests.swift; sourceTree = "<group>"; };
/* End PBXFileReference section */

/* Begin PBXFrameworksBuildPhase section */
		B439E3AE2B7730410036BE10 /* Frameworks */ = {
			isa = PBXFrameworksBuildPhase;
			buildActionMask = 2147483647;
			files = (
			);
			runOnlyForDeploymentPostprocessing = 0;
		};
		B439E3BE2B7730430036BE10 /* Frameworks */ = {
			isa = PBXFrameworksBuildPhase;
			buildActionMask = 2147483647;
			files = (
			);
			runOnlyForDeploymentPostprocessing = 0;
		};
		B439E3C82B7730430036BE10 /* Frameworks */ = {
			isa = PBXFrameworksBuildPhase;
			buildActionMask = 2147483647;
			files = (
			);
			runOnlyForDeploymentPostprocessing = 0;
		};
/* End PBXFrameworksBuildPhase section */

/* Begin PBXGroup section */
		B439E3A82B7730410036BE10 = {
			isa = PBXGroup;
			children = (
				B439E3B32B7730410036BE10 /* Animation */,
				B439E3C42B7730430036BE10 /* AnimationTests */,
				B439E3CE2B7730430036BE10 /* AnimationUITests */,
				B439E3B22B7730410036BE10 /* Products */,
			);
			sourceTree = "<group>";
		};
		B439E3B22B7730410036BE10 /* Products */ = {
			isa = PBXGroup;
			children = (
				B439E3B12B7730410036BE10 /* Animation.app */,
				B439E3C12B7730430036BE10 /* AnimationTests.xctest */,
				B439E3CB2B7730430036BE10 /* AnimationUITests.xctest */,
			);
			name = Products;
			sourceTree = "<group>";
		};
		B439E3B32B7730410036BE10 /* Animation */ = {
			isa = PBXGroup;
			children = (
				B439E3B42B7730410036BE10 /* AnimationApp.swift */,
				B439E3B62B7730410036BE10 /* ContentView.swift */,
				B439E3B82B7730430036BE10 /* Assets.xcassets */,
				B439E3BA2B7730430036BE10 /* Preview Content */,
			);
			path = Animation;
			sourceTree = "<group>";
		};
		B439E3BA2B7730430036BE10 /* Preview Content */ = {
			isa = PBXGroup;
			children = (
				B439E3BB2B7730430036BE10 /* Preview Assets.xcassets */,
			);
			path = "Preview Content";
			sourceTree = "<group>";
		};
		B439E3C42B7730430036BE10 /* AnimationTests */ = {
			isa = PBXGroup;
			children = (
				B439E3C52B7730430036BE10 /* AnimationTests.swift */,
			);
			path = AnimationTests;
			sourceTree = "<group>";
		};
		B439E3CE2B7730430036BE10 /* AnimationUITests */ = {
			isa = PBXGroup;
			children = (
				B439E3CF2B7730430036BE10 /* AnimationUITests.swift */,
				B439E3D12B7730430036BE10 /* AnimationUITestsLaunchTests.swift */,
			);
			path = AnimationUITests;
			sourceTree = "<group>";
		};
/* End PBXGroup section */

/* Begin PBXNativeTarget section */
		B439E3B02B7730410036BE10 /* Animation */ = {
			isa = PBXNativeTarget;
			buildConfigurationList = B439E3D52B7730430036BE10 /* Build configuration list for PBXNativeTarget "Animation" */;
			buildPhases = (
				B439E3AD2B7730410036BE10 /* Sources */,
				B439E3AE2B7730410036BE10 /* Frameworks */,
				B439E3AF2B7730410036BE10 /* Resources */,
			);
			buildRules = (
			);
			dependencies = (
			);
			name = Animation;
			productName = Animation;
			productReference = B439E3B12B7730410036BE10 /* Animation.app */;
			productType = "com.apple.product-type.application";
		};
		B439E3C02B7730430036BE10 /* AnimationTests */ = {
			isa = PBXNativeTarget;
			buildConfigurationList = B439E3D82B7730430036BE10 /* Build configuration list for PBXNativeTarget "AnimationTests" */;
			buildPhases = (
				B439E3BD2B7730430036BE10 /* Sources */,
				B439E3BE2B7730430036BE10 /* Frameworks */,
				B439E3BF2B7730430036BE10 /* Resources */,
			);
			buildRules = (
			);
			dependencies = (
				B439E3C32B7730430036BE10 /* PBXTargetDependency */,
			);
			name = AnimationTests;
			productName = AnimationTests;
			productReference = B439E3C12B7730430036BE10 /* AnimationTests.xctest */;
			productType = "com.apple.product-type.bundle.unit-test";
		};
		B439E3CA2B7730430036BE10 /* AnimationUITests */ = {
			isa = PBXNativeTarget;
			buildConfigurationList = B439E3DB2B7730430036BE10 /* Build configuration list for PBXNativeTarget "AnimationUITests" */;
			buildPhases = (
				B439E3C72B7730430036BE10 /* Sources */,
				B439E3C82B7730430036BE10 /* Frameworks */,
				B439E3C92B7730430036BE10 /* Resources */,
			);
			buildRules = (
			);
			dependencies = (
				B439E3CD2B7730430036BE10 /* PBXTargetDependency */,
			);
			name = AnimationUITests;
			productName = AnimationUITests;
			productReference = B439E3CB2B7730430036BE10 /* AnimationUITests.xctest */;
			productType = "com.apple.product-type.bundle.ui-testing";
		};
/* End PBXNativeTarget section */

/* Begin PBXProject section */
		B439E3A92B7730410036BE10 /* Project object */ = {
			isa = PBXProject;
			attributes = {
				BuildIndependentTargetsInParallel = 1;
				LastSwiftUpdateCheck = 1430;
				LastUpgradeCheck = 1430;
				TargetAttributes = {
					B439E3B02B7730410036BE10 = {
						CreatedOnToolsVersion = 14.3.1;
					};
					B439E3C02B7730430036BE10 = {
						CreatedOnToolsVersion = 14.3.1;
						TestTargetID = B439E3B02B7730410036BE10;
					};
					B439E3CA2B7730430036BE10 = {
						CreatedOnToolsVersion = 14.3.1;
						TestTargetID = B439E3B02B7730410036BE10;
					};
				};
			};
			buildConfigurationList = B439E3AC2B7730410036BE10 /* Build configuration list for PBXProject "Animation" */;
			compatibilityVersion = "Xcode 14.0";
			developmentRegion = en;
			hasScannedForEncodings = 0;
			knownRegions = (
				en,
				Base,
			);
			mainGroup = B439E3A82B7730410036BE10;
			productRefGroup = B439E3B22B7730410036BE10 /* Products */;
			projectDirPath = "";
			projectRoot = "";
			targets = (
				B439E3B02B7730410036BE10 /* Animation */,
				B439E3C02B7730430036BE10 /* AnimationTests */,
				B439E3CA2B7730430036BE10 /* AnimationUITests */,
			);
		};
/* End PBXProject section */

/* Begin PBXResourcesBuildPhase section */
		B439E3AF2B7730410036BE10 /* Resources */ = {
			isa = PBXResourcesBuildPhase;
			buildActionMask = 2147483647;
			files = (
				B439E3BC2B7730430036BE10 /* Preview Assets.xcassets in Resources */,
				B439E3B92B7730430036BE10 /* Assets.xcassets in Resources */,
			);
			runOnlyForDeploymentPostprocessing = 0;
		};
		B439E3BF2B7730430036BE10 /* Resources */ = {
			isa = PBXResourcesBuildPhase;
			buildActionMask = 2147483647;
			files = (
			);
			runOnlyForDeploymentPostprocessing = 0;
		};
		B439E3C92B7730430036BE10 /* Resources */ = {
			isa = PBXResourcesBuildPhase;
			buildActionMask = 2147483647;
			files = (
			);
			runOnlyForDeploymentPostprocessing = 0;
		};
/* End PBXResourcesBuildPhase section */

/* Begin PBXSourcesBuildPhase section */
		B439E3AD2B7730410036BE10 /* Sources */ = {
			isa = PBXSourcesBuildPhase;
			buildActionMask = 2147483647;
			files = (
				B439E3B72B7730410036BE10 /* ContentView.swift in Sources */,
				B439E3B52B7730410036BE10 /* AnimationApp.swift in Sources */,
			);
			runOnlyForDeploymentPostprocessing = 0;
		};
		B439E3BD2B7730430036BE10 /* Sources */ = {
			isa = PBXSourcesBuildPhase;
			buildActionMask = 2147483647;
			files = (
				B439E3C62B7730430036BE10 /* AnimationTests.swift in Sources */,
			);
			runOnlyForDeploymentPostprocessing = 0;
		};
		B439E3C72B7730430036BE10 /* Sources */ = {
			isa = PBXSourcesBuildPhase;
			buildActionMask = 2147483647;
			files = (
				B439E3D02B7730430036BE10 /* AnimationUITests.swift in Sources */,
				B439E3D22B7730430036BE10 /* AnimationUITestsLaunchTests.swift in Sources */,
			);
			runOnlyForDeploymentPostprocessing = 0;
		};
/* End PBXSourcesBuildPhase section */

/* Begin PBXTargetDependency section */
		B439E3C32B7730430036BE10 /* PBXTargetDependency */ = {
			isa = PBXTargetDependency;
			target = B439E3B02B7730410036BE10 /* Animation */;
			targetProxy = B439E3C22B7730430036BE10 /* PBXContainerItemProxy */;
		};
		B439E3CD2B7730430036BE10 /* PBXTargetDependency */ = {
			isa = PBXTargetDependency;
			target = B439E3B02B7730410036BE10 /* Animation */;
			targetProxy = B439E3CC2B7730430036BE10 /* PBXContainerItemProxy */;
		};
/* End PBXTargetDependency section */

/* Begin XCBuildConfiguration section */
		B439E3D32B7730430036BE10 /* Debug */ = {
			isa = XCBuildConfiguration;
			buildSettings = {
				ALWAYS_SEARCH_USER_PATHS = NO;
				CLANG_ANALYZER_NONNULL = YES;
				CLANG_ANALYZER_NUMBER_OBJECT_CONVERSION = YES_AGGRESSIVE;
				CLANG_CXX_LANGUAGE_STANDARD = "gnu++20";
				CLANG_ENABLE_MODULES = YES;
				CLANG_ENABLE_OBJC_ARC = YES;
				CLANG_ENABLE_OBJC_WEAK = YES;
				CLANG_WARN_BLOCK_CAPTURE_AUTORELEASING = YES;
				CLANG_WARN_BOOL_CONVERSION = YES;
				CLANG_WARN_COMMA = YES;
				CLANG_WARN_CONSTANT_CONVERSION = YES;
				CLANG_WARN_DEPRECATED_OBJC_IMPLEMENTATIONS = YES;
				CLANG_WARN_DIRECT_OBJC_ISA_USAGE = YES_ERROR;
				CLANG_WARN_DOCUMENTATION_COMMENTS = YES;
				CLANG_WARN_EMPTY_BODY = YES;
				CLANG_WARN_ENUM_CONVERSION = YES;
				CLANG_WARN_INFINITE_RECURSION = YES;
				CLANG_WARN_INT_CONVERSION = YES;
				CLANG_WARN_NON_LITERAL_NULL_CONVERSION = YES;
				CLANG_WARN_OBJC_IMPLICIT_RETAIN_SELF = YES;
				CLANG_WARN_OBJC_LITERAL_CONVERSION = YES;
				CLANG_WARN_OBJC_ROOT_CLASS = YES_ERROR;
				CLANG_WARN_QUOTED_INCLUDE_IN_FRAMEWORK_HEADER = YES;
				CLANG_WARN_RANGE_LOOP_ANALYSIS = YES;
				CLANG_WARN_STRICT_PROTOTYPES = YES;
				CLANG_WARN_SUSPICIOUS_MOVE = YES;
				CLANG_WARN_UNGUARDED_AVAILABILITY = YES_AGGRESSIVE;
				CLANG_WARN_UNREACHABLE_CODE = YES;
				CLANG_WARN__DUPLICATE_METHOD_MATCH = YES;
				COPY_PHASE_STRIP = NO;
				DEBUG_INFORMATION_FORMAT = dwarf;
				ENABLE_STRICT_OBJC_MSGSEND = YES;
				ENABLE_TESTABILITY = YES;
				GCC_C_LANGUAGE_STANDARD = gnu11;
				GCC_DYNAMIC_NO_PIC = NO;
				GCC_NO_COMMON_BLOCKS = YES;
				GCC_OPTIMIZATION_LEVEL = 0;
				GCC_PREPROCESSOR_DEFINITIONS = (
					"DEBUG=1",
					"$(inherited)",
				);
				GCC_WARN_64_TO_32_BIT_CONVERSION = YES;
				GCC_WARN_ABOUT_RETURN_TYPE = YES_ERROR;
				GCC_WARN_UNDECLARED_SELECTOR = YES;
				GCC_WARN_UNINITIALIZED_AUTOS = YES_AGGRESSIVE;
				GCC_WARN_UNUSED_FUNCTION = YES;
				GCC_WARN_UNUSED_VARIABLE = YES;
				IPHONEOS_DEPLOYMENT_TARGET = 16.4;
				MTL_ENABLE_DEBUG_INFO = INCLUDE_SOURCE;
				MTL_FAST_MATH = YES;
				ONLY_ACTIVE_ARCH = YES;
				SDKROOT = iphoneos;
				SWIFT_ACTIVE_COMPILATION_CONDITIONS = DEBUG;
				SWIFT_OPTIMIZATION_LEVEL = "-Onone";
			};
			name = Debug;
		};
		B439E3D42B7730430036BE10 /* Release */ = {
			isa = XCBuildConfiguration;
			buildSettings = {
				ALWAYS_SEARCH_USER_PATHS = NO;
				CLANG_ANALYZER_NONNULL = YES;
				CLANG_ANALYZER_NUMBER_OBJECT_CONVERSION = YES_AGGRESSIVE;
				CLANG_CXX_LANGUAGE_STANDARD = "gnu++20";
				CLANG_ENABLE_MODULES = YES;
				CLANG_ENABLE_OBJC_ARC = YES;
				CLANG_ENABLE_OBJC_WEAK = YES;
				CLANG_WARN_BLOCK_CAPTURE_AUTORELEASING = YES;
				CLANG_WARN_BOOL_CONVERSION = YES;
				CLANG_WARN_COMMA = YES;
				CLANG_WARN_CONSTANT_CONVERSION = YES;
				CLANG_WARN_DEPRECATED_OBJC_IMPLEMENTATIONS = YES;
				CLANG_WARN_DIRECT_OBJC_ISA_USAGE = YES_ERROR;
				CLANG_WARN_DOCUMENTATION_COMMENTS = YES;
				CLANG_WARN_EMPTY_BODY = YES;
				CLANG_WARN_ENUM_CONVERSION = YES;
				CLANG_WARN_INFINITE_RECURSION = YES;
				CLANG_WARN_INT_CONVERSION = YES;
				CLANG_WARN_NON_LITERAL_NULL_CONVERSION = YES;
				CLANG_WARN_OBJC_IMPLICIT_RETAIN_SELF = YES;
				CLANG_WARN_OBJC_LITERAL_CONVERSION = YES;
				CLANG_WARN_OBJC_ROOT_CLASS = YES_ERROR;
				CLANG_WARN_QUOTED_INCLUDE_IN_FRAMEWORK_HEADER = YES;
				CLANG_WARN_RANGE_LOOP_ANALYSIS = YES;
				CLANG_WARN_STRICT_PROTOTYPES = YES;
				CLANG_WARN_SUSPICIOUS_MOVE = YES;
				CLANG_WARN_UNGUARDED_AVAILABILITY = YES_AGGRESSIVE;
				CLANG_WARN_UNREACHABLE_CODE = YES;
				CLANG_WARN__DUPLICATE_METHOD_MATCH = YES;
				COPY_PHASE_STRIP = NO;
				DEBUG_INFORMATION_FORMAT = "dwarf-with-dsym";
				ENABLE_NS_ASSERTIONS = NO;
				ENABLE_STRICT_OBJC_MSGSEND = YES;
				GCC_C_LANGUAGE_STANDARD = gnu11;
				GCC_NO_COMMON_BLOCKS = YES;
				GCC_WARN_64_TO_32_BIT_CONVERSION = YES;
				GCC_WARN_ABOUT_RETURN_TYPE = YES_ERROR;
				GCC_WARN_UNDECLARED_SELECTOR = YES;
				GCC_WARN_UNINITIALIZED_AUTOS = YES_AGGRESSIVE;
				GCC_WARN_UNUSED_FUNCTION = YES;
				GCC_WARN_UNUSED_VARIABLE = YES;
				IPHONEOS_DEPLOYMENT_TARGET = 16.4;
				MTL_ENABLE_DEBUG_INFO = NO;
				MTL_FAST_MATH = YES;
				SDKROOT = iphoneos;
				SWIFT_COMPILATION_MODE = wholemodule;
				SWIFT_OPTIMIZATION_LEVEL = "-O";
				VALIDATE_PRODUCT = YES;
			};
			name = Release;
		};
		B439E3D62B7730430036BE10 /* Debug */ = {
			isa = XCBuildConfiguration;
			buildSettings = {
				ASSETCATALOG_COMPILER_APPICON_NAME = AppIcon;
				ASSETCATALOG_COMPILER_GLOBAL_ACCENT_COLOR_NAME = AccentColor;
				CODE_SIGN_STYLE = Automatic;
				CURRENT_PROJECT_VERSION = 1;
				DEVELOPMENT_ASSET_PATHS = "\"Animation/Preview Content\"";
				ENABLE_PREVIEWS = YES;
				GENERATE_INFOPLIST_FILE = YES;
				INFOPLIST_KEY_UIApplicationSceneManifest_Generation = YES;
				INFOPLIST_KEY_UIApplicationSupportsIndirectInputEvents = YES;
				INFOPLIST_KEY_UILaunchScreen_Generation = YES;
				INFOPLIST_KEY_UISupportedInterfaceOrientations_iPad = "UIInterfaceOrientationPortrait UIInterfaceOrientationPortraitUpsideDown UIInterfaceOrientationLandscapeLeft UIInterfaceOrientationLandscapeRight";
				INFOPLIST_KEY_UISupportedInterfaceOrientations_iPhone = "UIInterfaceOrientationPortrait UIInterfaceOrientationLandscapeLeft UIInterfaceOrientationLandscapeRight";
				LD_RUNPATH_SEARCH_PATHS = (
					"$(inherited)",
					"@executable_path/Frameworks",
				);
				MARKETING_VERSION = 1.0;
				PRODUCT_BUNDLE_IDENTIFIER = com.owner.Animation;
				PRODUCT_NAME = "$(TARGET_NAME)";
				SWIFT_EMIT_LOC_STRINGS = YES;
				SWIFT_VERSION = 5.0;
				TARGETED_DEVICE_FAMILY = "1,2";
			};
			name = Debug;
		};
		B439E3D72B7730430036BE10 /* Release */ = {
			isa = XCBuildConfiguration;
			buildSettings = {
				ASSETCATALOG_COMPILER_APPICON_NAME = AppIcon;
				ASSETCATALOG_COMPILER_GLOBAL_ACCENT_COLOR_NAME = AccentColor;
				CODE_SIGN_STYLE = Automatic;
				CURRENT_PROJECT_VERSION = 1;
				DEVELOPMENT_ASSET_PATHS = "\"Animation/Preview Content\"";
				ENABLE_PREVIEWS = YES;
				GENERATE_INFOPLIST_FILE = YES;
				INFOPLIST_KEY_UIApplicationSceneManifest_Generation = YES;
				INFOPLIST_KEY_UIApplicationSupportsIndirectInputEvents = YES;
				INFOPLIST_KEY_UILaunchScreen_Generation = YES;
				INFOPLIST_KEY_UISupportedInterfaceOrientations_iPad = "UIInterfaceOrientationPortrait UIInterfaceOrientationPortraitUpsideDown UIInterfaceOrientationLandscapeLeft UIInterfaceOrientationLandscapeRight";
				INFOPLIST_KEY_UISupportedInterfaceOrientations_iPhone = "UIInterfaceOrientationPortrait UIInterfaceOrientationLandscapeLeft UIInterfaceOrientationLandscapeRight";
				LD_RUNPATH_SEARCH_PATHS = (
					"$(inherited)",
					"@executable_path/Frameworks",
				);
				MARKETING_VERSION = 1.0;
				PRODUCT_BUNDLE_IDENTIFIER = com.owner.Animation;
				PRODUCT_NAME = "$(TARGET_NAME)";
				SWIFT_EMIT_LOC_STRINGS = YES;
				SWIFT_VERSION = 5.0;
				TARGETED_DEVICE_FAMILY = "1,2";
			};
			name = Release;
		};
		B439E3D92B7730430036BE10 /* Debug */ = {
			isa = XCBuildConfiguration;
			buildSettings = {
				ALWAYS_EMBED_SWIFT_STANDARD_LIBRARIES = YES;
				BUNDLE_LOADER = "$(TEST_HOST)";
				CODE_SIGN_STYLE = Automatic;
				CURRENT_PROJECT_VERSION = 1;
				GENERATE_INFOPLIST_FILE = YES;
				IPHONEOS_DEPLOYMENT_TARGET = 16.4;
				MARKETING_VERSION = 1.0;
				PRODUCT_BUNDLE_IDENTIFIER = com.owner.AnimationTests;
				PRODUCT_NAME = "$(TARGET_NAME)";
				SWIFT_EMIT_LOC_STRINGS = NO;
				SWIFT_VERSION = 5.0;
				TARGETED_DEVICE_FAMILY = "1,2";
				TEST_HOST = "$(BUILT_PRODUCTS_DIR)/Animation.app/$(BUNDLE_EXECUTABLE_FOLDER_PATH)/Animation";
			};
			name = Debug;
		};
		B439E3DA2B7730430036BE10 /* Release */ = {
			isa = XCBuildConfiguration;
			buildSettings = {
				ALWAYS_EMBED_SWIFT_STANDARD_LIBRARIES = YES;
				BUNDLE_LOADER = "$(TEST_HOST)";
				CODE_SIGN_STYLE = Automatic;
				CURRENT_PROJECT_VERSION = 1;
				GENERATE_INFOPLIST_FILE = YES;
				IPHONEOS_DEPLOYMENT_TARGET = 16.4;
				MARKETING_VERSION = 1.0;
				PRODUCT_BUNDLE_IDENTIFIER = com.owner.AnimationTests;
				PRODUCT_NAME = "$(TARGET_NAME)";
				SWIFT_EMIT_LOC_STRINGS = NO;
				SWIFT_VERSION = 5.0;
				TARGETED_DEVICE_FAMILY = "1,2";
				TEST_HOST = "$(BUILT_PRODUCTS_DIR)/Animation.app/$(BUNDLE_EXECUTABLE_FOLDER_PATH)/Animation";
			};
			name = Release;
		};
		B439E3DC2B7730430036BE10 /* Debug */ = {
			isa = XCBuildConfiguration;
			buildSettings = {
				ALWAYS_EMBED_SWIFT_STANDARD_LIBRARIES = YES;
				CODE_SIGN_STYLE = Automatic;
				CURRENT_PROJECT_VERSION = 1;
				GENERATE_INFOPLIST_FILE = YES;
				MARKETING_VERSION = 1.0;
				PRODUCT_BUNDLE_IDENTIFIER = com.owner.AnimationUITests;
				PRODUCT_NAME = "$(TARGET_NAME)";
				SWIFT_EMIT_LOC_STRINGS = NO;
				SWIFT_VERSION = 5.0;
				TARGETED_DEVICE_FAMILY = "1,2";
				TEST_TARGET_NAME = Animation;
			};
			name = Debug;
		};
		B439E3DD2B7730430036BE10 /* Release */ = {
			isa = XCBuildConfiguration;
			buildSettings = {
				ALWAYS_EMBED_SWIFT_STANDARD_LIBRARIES = YES;
				CODE_SIGN_STYLE = Automatic;
				CURRENT_PROJECT_VERSION = 1;
				GENERATE_INFOPLIST_FILE = YES;
				MARKETING_VERSION = 1.0;
				PRODUCT_BUNDLE_IDENTIFIER = com.owner.AnimationUITests;
				PRODUCT_NAME = "$(TARGET_NAME)";
				SWIFT_EMIT_LOC_STRINGS = NO;
				SWIFT_VERSION = 5.0;
				TARGETED_DEVICE_FAMILY = "1,2";
				TEST_TARGET_NAME = Animation;
			};
			name = Release;
		};
/* End XCBuildConfiguration section */

/* Begin XCConfigurationList section */
		B439E3AC2B7730410036BE10 /* Build configuration list for PBXProject "Animation" */ = {
			isa = XCConfigurationList;
			buildConfigurations = (
				B439E3D32B7730430036BE10 /* Debug */,
				B439E3D42B7730430036BE10 /* Release */,
			);
			defaultConfigurationIsVisible = 0;
			defaultConfigurationName = Release;
		};
		B439E3D52B7730430036BE10 /* Build configuration list for PBXNativeTarget "Animation" */ = {
			isa = XCConfigurationList;
			buildConfigurations = (
				B439E3D62B7730430036BE10 /* Debug */,
				B439E3D72B7730430036BE10 /* Release */,
			);
			defaultConfigurationIsVisible = 0;
			defaultConfigurationName = Release;
		};
		B439E3D82B7730430036BE10 /* Build configuration list for PBXNativeTarget "AnimationTests" */ = {
			isa = XCConfigurationList;
			buildConfigurations = (
				B439E3D92B7730430036BE10 /* Debug */,
				B439E3DA2B7730430036BE10 /* Release */,
			);
			defaultConfigurationIsVisible = 0;
			defaultConfigurationName = Release;
		};
		B439E3DB2B7730430036BE10 /* Build configuration list for PBXNativeTarget "AnimationUITests" */ = {
			isa = XCConfigurationList;
			buildConfigurations = (
				B439E3DC2B7730430036BE10 /* Debug */,
				B439E3DD2B7730430036BE10 /* Release */,
			);
			defaultConfigurationIsVisible = 0;
			defaultConfigurationName = Release;
		};
/* End XCConfigurationList section */
	};
	rootObject = B439E3A92B7730410036BE10 /* Project object */;
}
