// !$*UTF8*$!
{
	archiveVersion = 1;
	classes = {
	};
	objectVersion = 56;
	objects = {

/* Begin PBXBuildFile section */
		B4C97FE12B7379AA005936D6 /* BetterRestApp.swift in Sources */ = {isa = PBXBuildFile; fileRef = B4C97FE02B7379AA005936D6 /* BetterRestApp.swift */; };
		B4C97FE32B7379AA005936D6 /* ContentView.swift in Sources */ = {isa = PBXBuildFile; fileRef = B4C97FE22B7379AA005936D6 /* ContentView.swift */; };
		B4C97FE52B7379AB005936D6 /* Assets.xcassets in Resources */ = {isa = PBXBuildFile; fileRef = B4C97FE42B7379AB005936D6 /* Assets.xcassets */; };
		B4C97FE82B7379AB005936D6 /* Preview Assets.xcassets in Resources */ = {isa = PBXBuildFile; fileRef = B4C97FE72B7379AB005936D6 /* Preview Assets.xcassets */; };
		B4C97FF22B7379AB005936D6 /* BetterRestTests.swift in Sources */ = {isa = PBXBuildFile; fileRef = B4C97FF12B7379AB005936D6 /* BetterRestTests.swift */; };
		B4C97FFC2B7379AB005936D6 /* BetterRestUITests.swift in Sources */ = {isa = PBXBuildFile; fileRef = B4C97FFB2B7379AB005936D6 /* BetterRestUITests.swift */; };
		B4C97FFE2B7379AB005936D6 /* BetterRestUITestsLaunchTests.swift in Sources */ = {isa = PBXBuildFile; fileRef = B4C97FFD2B7379AB005936D6 /* BetterRestUITestsLaunchTests.swift */; };
		B4C9800B2B7392CD005936D6 /* SleepCalculator.mlmodel in Sources */ = {isa = PBXBuildFile; fileRef = B4C9800A2B7392CD005936D6 /* SleepCalculator.mlmodel */; };
/* End PBXBuildFile section */

/* Begin PBXContainerItemProxy section */
		B4C97FEE2B7379AB005936D6 /* PBXContainerItemProxy */ = {
			isa = PBXContainerItemProxy;
			containerPortal = B4C97FD52B7379AA005936D6 /* Project object */;
			proxyType = 1;
			remoteGlobalIDString = B4C97FDC2B7379AA005936D6;
			remoteInfo = BetterRest;
		};
		B4C97FF82B7379AB005936D6 /* PBXContainerItemProxy */ = {
			isa = PBXContainerItemProxy;
			containerPortal = B4C97FD52B7379AA005936D6 /* Project object */;
			proxyType = 1;
			remoteGlobalIDString = B4C97FDC2B7379AA005936D6;
			remoteInfo = BetterRest;
		};
/* End PBXContainerItemProxy section */

/* Begin PBXFileReference section */
		B4C97FDD2B7379AA005936D6 /* BetterRest.app */ = {isa = PBXFileReference; explicitFileType = wrapper.application; includeInIndex = 0; path = BetterRest.app; sourceTree = BUILT_PRODUCTS_DIR; };
		B4C97FE02B7379AA005936D6 /* BetterRestApp.swift */ = {isa = PBXFileReference; lastKnownFileType = sourcecode.swift; path = BetterRestApp.swift; sourceTree = "<group>"; };
		B4C97FE22B7379AA005936D6 /* ContentView.swift */ = {isa = PBXFileReference; lastKnownFileType = sourcecode.swift; path = ContentView.swift; sourceTree = "<group>"; };
		B4C97FE42B7379AB005936D6 /* Assets.xcassets */ = {isa = PBXFileReference; lastKnownFileType = folder.assetcatalog; path = Assets.xcassets; sourceTree = "<group>"; };
		B4C97FE72B7379AB005936D6 /* Preview Assets.xcassets */ = {isa = PBXFileReference; lastKnownFileType = folder.assetcatalog; path = "Preview Assets.xcassets"; sourceTree = "<group>"; };
		B4C97FED2B7379AB005936D6 /* BetterRestTests.xctest */ = {isa = PBXFileReference; explicitFileType = wrapper.cfbundle; includeInIndex = 0; path = BetterRestTests.xctest; sourceTree = BUILT_PRODUCTS_DIR; };
		B4C97FF12B7379AB005936D6 /* BetterRestTests.swift */ = {isa = PBXFileReference; lastKnownFileType = sourcecode.swift; path = BetterRestTests.swift; sourceTree = "<group>"; };
		B4C97FF72B7379AB005936D6 /* BetterRestUITests.xctest */ = {isa = PBXFileReference; explicitFileType = wrapper.cfbundle; includeInIndex = 0; path = BetterRestUITests.xctest; sourceTree = BUILT_PRODUCTS_DIR; };
		B4C97FFB2B7379AB005936D6 /* BetterRestUITests.swift */ = {isa = PBXFileReference; lastKnownFileType = sourcecode.swift; path = BetterRestUITests.swift; sourceTree = "<group>"; };
		B4C97FFD2B7379AB005936D6 /* BetterRestUITestsLaunchTests.swift */ = {isa = PBXFileReference; lastKnownFileType = sourcecode.swift; path = BetterRestUITestsLaunchTests.swift; sourceTree = "<group>"; };
		B4C9800A2B7392CD005936D6 /* SleepCalculator.mlmodel */ = {isa = PBXFileReference; lastKnownFileType = file.mlmodel; path = SleepCalculator.mlmodel; sourceTree = "<group>"; };
/* End PBXFileReference section */

/* Begin PBXFrameworksBuildPhase section */
		B4C97FDA2B7379AA005936D6 /* Frameworks */ = {
			isa = PBXFrameworksBuildPhase;
			buildActionMask = 2147483647;
			files = (
			);
			runOnlyForDeploymentPostprocessing = 0;
		};
		B4C97FEA2B7379AB005936D6 /* Frameworks */ = {
			isa = PBXFrameworksBuildPhase;
			buildActionMask = 2147483647;
			files = (
			);
			runOnlyForDeploymentPostprocessing = 0;
		};
		B4C97FF42B7379AB005936D6 /* Frameworks */ = {
			isa = PBXFrameworksBuildPhase;
			buildActionMask = 2147483647;
			files = (
			);
			runOnlyForDeploymentPostprocessing = 0;
		};
/* End PBXFrameworksBuildPhase section */

/* Begin PBXGroup section */
		B4C97FD42B7379AA005936D6 = {
			isa = PBXGroup;
			children = (
				B4C97FDF2B7379AA005936D6 /* BetterRest */,
				B4C97FF02B7379AB005936D6 /* BetterRestTests */,
				B4C97FFA2B7379AB005936D6 /* BetterRestUITests */,
				B4C97FDE2B7379AA005936D6 /* Products */,
			);
			sourceTree = "<group>";
		};
		B4C97FDE2B7379AA005936D6 /* Products */ = {
			isa = PBXGroup;
			children = (
				B4C97FDD2B7379AA005936D6 /* BetterRest.app */,
				B4C97FED2B7379AB005936D6 /* BetterRestTests.xctest */,
				B4C97FF72B7379AB005936D6 /* BetterRestUITests.xctest */,
			);
			name = Products;
			sourceTree = "<group>";
		};
		B4C97FDF2B7379AA005936D6 /* BetterRest */ = {
			isa = PBXGroup;
			children = (
				B4C9800A2B7392CD005936D6 /* SleepCalculator.mlmodel */,
				B4C97FE02B7379AA005936D6 /* BetterRestApp.swift */,
				B4C97FE22B7379AA005936D6 /* ContentView.swift */,
				B4C97FE42B7379AB005936D6 /* Assets.xcassets */,
				B4C97FE62B7379AB005936D6 /* Preview Content */,
			);
			path = BetterRest;
			sourceTree = "<group>";
		};
		B4C97FE62B7379AB005936D6 /* Preview Content */ = {
			isa = PBXGroup;
			children = (
				B4C97FE72B7379AB005936D6 /* Preview Assets.xcassets */,
			);
			path = "Preview Content";
			sourceTree = "<group>";
		};
		B4C97FF02B7379AB005936D6 /* BetterRestTests */ = {
			isa = PBXGroup;
			children = (
				B4C97FF12B7379AB005936D6 /* BetterRestTests.swift */,
			);
			path = BetterRestTests;
			sourceTree = "<group>";
		};
		B4C97FFA2B7379AB005936D6 /* BetterRestUITests */ = {
			isa = PBXGroup;
			children = (
				B4C97FFB2B7379AB005936D6 /* BetterRestUITests.swift */,
				B4C97FFD2B7379AB005936D6 /* BetterRestUITestsLaunchTests.swift */,
			);
			path = BetterRestUITests;
			sourceTree = "<group>";
		};
/* End PBXGroup section */

/* Begin PBXNativeTarget section */
		B4C97FDC2B7379AA005936D6 /* BetterRest */ = {
			isa = PBXNativeTarget;
			buildConfigurationList = B4C980012B7379AB005936D6 /* Build configuration list for PBXNativeTarget "BetterRest" */;
			buildPhases = (
				B4C97FD92B7379AA005936D6 /* Sources */,
				B4C97FDA2B7379AA005936D6 /* Frameworks */,
				B4C97FDB2B7379AA005936D6 /* Resources */,
			);
			buildRules = (
			);
			dependencies = (
			);
			name = BetterRest;
			productName = BetterRest;
			productReference = B4C97FDD2B7379AA005936D6 /* BetterRest.app */;
			productType = "com.apple.product-type.application";
		};
		B4C97FEC2B7379AB005936D6 /* BetterRestTests */ = {
			isa = PBXNativeTarget;
			buildConfigurationList = B4C980042B7379AB005936D6 /* Build configuration list for PBXNativeTarget "BetterRestTests" */;
			buildPhases = (
				B4C97FE92B7379AB005936D6 /* Sources */,
				B4C97FEA2B7379AB005936D6 /* Frameworks */,
				B4C97FEB2B7379AB005936D6 /* Resources */,
			);
			buildRules = (
			);
			dependencies = (
				B4C97FEF2B7379AB005936D6 /* PBXTargetDependency */,
			);
			name = BetterRestTests;
			productName = BetterRestTests;
			productReference = B4C97FED2B7379AB005936D6 /* BetterRestTests.xctest */;
			productType = "com.apple.product-type.bundle.unit-test";
		};
		B4C97FF62B7379AB005936D6 /* BetterRestUITests */ = {
			isa = PBXNativeTarget;
			buildConfigurationList = B4C980072B7379AB005936D6 /* Build configuration list for PBXNativeTarget "BetterRestUITests" */;
			buildPhases = (
				B4C97FF32B7379AB005936D6 /* Sources */,
				B4C97FF42B7379AB005936D6 /* Frameworks */,
				B4C97FF52B7379AB005936D6 /* Resources */,
			);
			buildRules = (
			);
			dependencies = (
				B4C97FF92B7379AB005936D6 /* PBXTargetDependency */,
			);
			name = BetterRestUITests;
			productName = BetterRestUITests;
			productReference = B4C97FF72B7379AB005936D6 /* BetterRestUITests.xctest */;
			productType = "com.apple.product-type.bundle.ui-testing";
		};
/* End PBXNativeTarget section */

/* Begin PBXProject section */
		B4C97FD52B7379AA005936D6 /* Project object */ = {
			isa = PBXProject;
			attributes = {
				BuildIndependentTargetsInParallel = 1;
				LastSwiftUpdateCheck = 1430;
				LastUpgradeCheck = 1430;
				TargetAttributes = {
					B4C97FDC2B7379AA005936D6 = {
						CreatedOnToolsVersion = 14.3.1;
					};
					B4C97FEC2B7379AB005936D6 = {
						CreatedOnToolsVersion = 14.3.1;
						TestTargetID = B4C97FDC2B7379AA005936D6;
					};
					B4C97FF62B7379AB005936D6 = {
						CreatedOnToolsVersion = 14.3.1;
						TestTargetID = B4C97FDC2B7379AA005936D6;
					};
				};
			};
			buildConfigurationList = B4C97FD82B7379AA005936D6 /* Build configuration list for PBXProject "BetterRest" */;
			compatibilityVersion = "Xcode 14.0";
			developmentRegion = en;
			hasScannedForEncodings = 0;
			knownRegions = (
				en,
				Base,
			);
			mainGroup = B4C97FD42B7379AA005936D6;
			productRefGroup = B4C97FDE2B7379AA005936D6 /* Products */;
			projectDirPath = "";
			projectRoot = "";
			targets = (
				B4C97FDC2B7379AA005936D6 /* BetterRest */,
				B4C97FEC2B7379AB005936D6 /* BetterRestTests */,
				B4C97FF62B7379AB005936D6 /* BetterRestUITests */,
			);
		};
/* End PBXProject section */

/* Begin PBXResourcesBuildPhase section */
		B4C97FDB2B7379AA005936D6 /* Resources */ = {
			isa = PBXResourcesBuildPhase;
			buildActionMask = 2147483647;
			files = (
				B4C97FE82B7379AB005936D6 /* Preview Assets.xcassets in Resources */,
				B4C97FE52B7379AB005936D6 /* Assets.xcassets in Resources */,
			);
			runOnlyForDeploymentPostprocessing = 0;
		};
		B4C97FEB2B7379AB005936D6 /* Resources */ = {
			isa = PBXResourcesBuildPhase;
			buildActionMask = 2147483647;
			files = (
			);
			runOnlyForDeploymentPostprocessing = 0;
		};
		B4C97FF52B7379AB005936D6 /* Resources */ = {
			isa = PBXResourcesBuildPhase;
			buildActionMask = 2147483647;
			files = (
			);
			runOnlyForDeploymentPostprocessing = 0;
		};
/* End PBXResourcesBuildPhase section */

/* Begin PBXSourcesBuildPhase section */
		B4C97FD92B7379AA005936D6 /* Sources */ = {
			isa = PBXSourcesBuildPhase;
			buildActionMask = 2147483647;
			files = (
				B4C97FE32B7379AA005936D6 /* ContentView.swift in Sources */,
				B4C9800B2B7392CD005936D6 /* SleepCalculator.mlmodel in Sources */,
				B4C97FE12B7379AA005936D6 /* BetterRestApp.swift in Sources */,
			);
			runOnlyForDeploymentPostprocessing = 0;
		};
		B4C97FE92B7379AB005936D6 /* Sources */ = {
			isa = PBXSourcesBuildPhase;
			buildActionMask = 2147483647;
			files = (
				B4C97FF22B7379AB005936D6 /* BetterRestTests.swift in Sources */,
			);
			runOnlyForDeploymentPostprocessing = 0;
		};
		B4C97FF32B7379AB005936D6 /* Sources */ = {
			isa = PBXSourcesBuildPhase;
			buildActionMask = 2147483647;
			files = (
				B4C97FFE2B7379AB005936D6 /* BetterRestUITestsLaunchTests.swift in Sources */,
				B4C97FFC2B7379AB005936D6 /* BetterRestUITests.swift in Sources */,
			);
			runOnlyForDeploymentPostprocessing = 0;
		};
/* End PBXSourcesBuildPhase section */

/* Begin PBXTargetDependency section */
		B4C97FEF2B7379AB005936D6 /* PBXTargetDependency */ = {
			isa = PBXTargetDependency;
			target = B4C97FDC2B7379AA005936D6 /* BetterRest */;
			targetProxy = B4C97FEE2B7379AB005936D6 /* PBXContainerItemProxy */;
		};
		B4C97FF92B7379AB005936D6 /* PBXTargetDependency */ = {
			isa = PBXTargetDependency;
			target = B4C97FDC2B7379AA005936D6 /* BetterRest */;
			targetProxy = B4C97FF82B7379AB005936D6 /* PBXContainerItemProxy */;
		};
/* End PBXTargetDependency section */

/* Begin XCBuildConfiguration section */
		B4C97FFF2B7379AB005936D6 /* Debug */ = {
			isa = XCBuildConfiguration;
			buildSettings = {
				ALWAYS_SEARCH_USER_PATHS = NO;
				CLANG_ANALYZER_NONNULL = YES;
				CLANG_ANALYZER_NUMBER_OBJECT_CONVERSION = YES_AGGRESSIVE;
				CLANG_CXX_LANGUAGE_STANDARD = "gnu++20";
				CLANG_ENABLE_MODULES = YES;
				CLANG_ENABLE_OBJC_ARC = YES;
				CLANG_ENABLE_OBJC_WEAK = YES;
				CLANG_WARN_BLOCK_CAPTURE_AUTORELEASING = YES;
				CLANG_WARN_BOOL_CONVERSION = YES;
				CLANG_WARN_COMMA = YES;
				CLANG_WARN_CONSTANT_CONVERSION = YES;
				CLANG_WARN_DEPRECATED_OBJC_IMPLEMENTATIONS = YES;
				CLANG_WARN_DIRECT_OBJC_ISA_USAGE = YES_ERROR;
				CLANG_WARN_DOCUMENTATION_COMMENTS = YES;
				CLANG_WARN_EMPTY_BODY = YES;
				CLANG_WARN_ENUM_CONVERSION = YES;
				CLANG_WARN_INFINITE_RECURSION = YES;
				CLANG_WARN_INT_CONVERSION = YES;
				CLANG_WARN_NON_LITERAL_NULL_CONVERSION = YES;
				CLANG_WARN_OBJC_IMPLICIT_RETAIN_SELF = YES;
				CLANG_WARN_OBJC_LITERAL_CONVERSION = YES;
				CLANG_WARN_OBJC_ROOT_CLASS = YES_ERROR;
				CLANG_WARN_QUOTED_INCLUDE_IN_FRAMEWORK_HEADER = YES;
				CLANG_WARN_RANGE_LOOP_ANALYSIS = YES;
				CLANG_WARN_STRICT_PROTOTYPES = YES;
				CLANG_WARN_SUSPICIOUS_MOVE = YES;
				CLANG_WARN_UNGUARDED_AVAILABILITY = YES_AGGRESSIVE;
				CLANG_WARN_UNREACHABLE_CODE = YES;
				CLANG_WARN__DUPLICATE_METHOD_MATCH = YES;
				COPY_PHASE_STRIP = NO;
				DEBUG_INFORMATION_FORMAT = dwarf;
				ENABLE_STRICT_OBJC_MSGSEND = YES;
				ENABLE_TESTABILITY = YES;
				GCC_C_LANGUAGE_STANDARD = gnu11;
				GCC_DYNAMIC_NO_PIC = NO;
				GCC_NO_COMMON_BLOCKS = YES;
				GCC_OPTIMIZATION_LEVEL = 0;
				GCC_PREPROCESSOR_DEFINITIONS = (
					"DEBUG=1",
					"$(inherited)",
				);
				GCC_WARN_64_TO_32_BIT_CONVERSION = YES;
				GCC_WARN_ABOUT_RETURN_TYPE = YES_ERROR;
				GCC_WARN_UNDECLARED_SELECTOR = YES;
				GCC_WARN_UNINITIALIZED_AUTOS = YES_AGGRESSIVE;
				GCC_WARN_UNUSED_FUNCTION = YES;
				GCC_WARN_UNUSED_VARIABLE = YES;
				IPHONEOS_DEPLOYMENT_TARGET = 16.4;
				MTL_ENABLE_DEBUG_INFO = INCLUDE_SOURCE;
				MTL_FAST_MATH = YES;
				ONLY_ACTIVE_ARCH = YES;
				SDKROOT = iphoneos;
				SWIFT_ACTIVE_COMPILATION_CONDITIONS = DEBUG;
				SWIFT_OPTIMIZATION_LEVEL = "-Onone";
			};
			name = Debug;
		};
		B4C980002B7379AB005936D6 /* Release */ = {
			isa = XCBuildConfiguration;
			buildSettings = {
				ALWAYS_SEARCH_USER_PATHS = NO;
				CLANG_ANALYZER_NONNULL = YES;
				CLANG_ANALYZER_NUMBER_OBJECT_CONVERSION = YES_AGGRESSIVE;
				CLANG_CXX_LANGUAGE_STANDARD = "gnu++20";
				CLANG_ENABLE_MODULES = YES;
				CLANG_ENABLE_OBJC_ARC = YES;
				CLANG_ENABLE_OBJC_WEAK = YES;
				CLANG_WARN_BLOCK_CAPTURE_AUTORELEASING = YES;
				CLANG_WARN_BOOL_CONVERSION = YES;
				CLANG_WARN_COMMA = YES;
				CLANG_WARN_CONSTANT_CONVERSION = YES;
				CLANG_WARN_DEPRECATED_OBJC_IMPLEMENTATIONS = YES;
				CLANG_WARN_DIRECT_OBJC_ISA_USAGE = YES_ERROR;
				CLANG_WARN_DOCUMENTATION_COMMENTS = YES;
				CLANG_WARN_EMPTY_BODY = YES;
				CLANG_WARN_ENUM_CONVERSION = YES;
				CLANG_WARN_INFINITE_RECURSION = YES;
				CLANG_WARN_INT_CONVERSION = YES;
				CLANG_WARN_NON_LITERAL_NULL_CONVERSION = YES;
				CLANG_WARN_OBJC_IMPLICIT_RETAIN_SELF = YES;
				CLANG_WARN_OBJC_LITERAL_CONVERSION = YES;
				CLANG_WARN_OBJC_ROOT_CLASS = YES_ERROR;
				CLANG_WARN_QUOTED_INCLUDE_IN_FRAMEWORK_HEADER = YES;
				CLANG_WARN_RANGE_LOOP_ANALYSIS = YES;
				CLANG_WARN_STRICT_PROTOTYPES = YES;
				CLANG_WARN_SUSPICIOUS_MOVE = YES;
				CLANG_WARN_UNGUARDED_AVAILABILITY = YES_AGGRESSIVE;
				CLANG_WARN_UNREACHABLE_CODE = YES;
				CLANG_WARN__DUPLICATE_METHOD_MATCH = YES;
				COPY_PHASE_STRIP = NO;
				DEBUG_INFORMATION_FORMAT = "dwarf-with-dsym";
				ENABLE_NS_ASSERTIONS = NO;
				ENABLE_STRICT_OBJC_MSGSEND = YES;
				GCC_C_LANGUAGE_STANDARD = gnu11;
				GCC_NO_COMMON_BLOCKS = YES;
				GCC_WARN_64_TO_32_BIT_CONVERSION = YES;
				GCC_WARN_ABOUT_RETURN_TYPE = YES_ERROR;
				GCC_WARN_UNDECLARED_SELECTOR = YES;
				GCC_WARN_UNINITIALIZED_AUTOS = YES_AGGRESSIVE;
				GCC_WARN_UNUSED_FUNCTION = YES;
				GCC_WARN_UNUSED_VARIABLE = YES;
				IPHONEOS_DEPLOYMENT_TARGET = 16.4;
				MTL_ENABLE_DEBUG_INFO = NO;
				MTL_FAST_MATH = YES;
				SDKROOT = iphoneos;
				SWIFT_COMPILATION_MODE = wholemodule;
				SWIFT_OPTIMIZATION_LEVEL = "-O";
				VALIDATE_PRODUCT = YES;
			};
			name = Release;
		};
		B4C980022B7379AB005936D6 /* Debug */ = {
			isa = XCBuildConfiguration;
			buildSettings = {
				ASSETCATALOG_COMPILER_APPICON_NAME = AppIcon;
				ASSETCATALOG_COMPILER_GLOBAL_ACCENT_COLOR_NAME = AccentColor;
				CODE_SIGN_STYLE = Automatic;
				CURRENT_PROJECT_VERSION = 1;
				DEVELOPMENT_ASSET_PATHS = "\"BetterRest/Preview Content\"";
				ENABLE_PREVIEWS = YES;
				GENERATE_INFOPLIST_FILE = YES;
				INFOPLIST_KEY_UIApplicationSceneManifest_Generation = YES;
				INFOPLIST_KEY_UIApplicationSupportsIndirectInputEvents = YES;
				INFOPLIST_KEY_UILaunchScreen_Generation = YES;
				INFOPLIST_KEY_UISupportedInterfaceOrientations_iPad = "UIInterfaceOrientationPortrait UIInterfaceOrientationPortraitUpsideDown UIInterfaceOrientationLandscapeLeft UIInterfaceOrientationLandscapeRight";
				INFOPLIST_KEY_UISupportedInterfaceOrientations_iPhone = "UIInterfaceOrientationPortrait UIInterfaceOrientationLandscapeLeft UIInterfaceOrientationLandscapeRight";
				LD_RUNPATH_SEARCH_PATHS = (
					"$(inherited)",
					"@executable_path/Frameworks",
				);
				MARKETING_VERSION = 1.0;
				PRODUCT_BUNDLE_IDENTIFIER = com.owner.BetterRest;
				PRODUCT_NAME = "$(TARGET_NAME)";
				SWIFT_EMIT_LOC_STRINGS = YES;
				SWIFT_VERSION = 5.0;
				TARGETED_DEVICE_FAMILY = "1,2";
			};
			name = Debug;
		};
		B4C980032B7379AB005936D6 /* Release */ = {
			isa = XCBuildConfiguration;
			buildSettings = {
				ASSETCATALOG_COMPILER_APPICON_NAME = AppIcon;
				ASSETCATALOG_COMPILER_GLOBAL_ACCENT_COLOR_NAME = AccentColor;
				CODE_SIGN_STYLE = Automatic;
				CURRENT_PROJECT_VERSION = 1;
				DEVELOPMENT_ASSET_PATHS = "\"BetterRest/Preview Content\"";
				ENABLE_PREVIEWS = YES;
				GENERATE_INFOPLIST_FILE = YES;
				INFOPLIST_KEY_UIApplicationSceneManifest_Generation = YES;
				INFOPLIST_KEY_UIApplicationSupportsIndirectInputEvents = YES;
				INFOPLIST_KEY_UILaunchScreen_Generation = YES;
				INFOPLIST_KEY_UISupportedInterfaceOrientations_iPad = "UIInterfaceOrientationPortrait UIInterfaceOrientationPortraitUpsideDown UIInterfaceOrientationLandscapeLeft UIInterfaceOrientationLandscapeRight";
				INFOPLIST_KEY_UISupportedInterfaceOrientations_iPhone = "UIInterfaceOrientationPortrait UIInterfaceOrientationLandscapeLeft UIInterfaceOrientationLandscapeRight";
				LD_RUNPATH_SEARCH_PATHS = (
					"$(inherited)",
					"@executable_path/Frameworks",
				);
				MARKETING_VERSION = 1.0;
				PRODUCT_BUNDLE_IDENTIFIER = com.owner.BetterRest;
				PRODUCT_NAME = "$(TARGET_NAME)";
				SWIFT_EMIT_LOC_STRINGS = YES;
				SWIFT_VERSION = 5.0;
				TARGETED_DEVICE_FAMILY = "1,2";
			};
			name = Release;
		};
		B4C980052B7379AB005936D6 /* Debug */ = {
			isa = XCBuildConfiguration;
			buildSettings = {
				ALWAYS_EMBED_SWIFT_STANDARD_LIBRARIES = YES;
				BUNDLE_LOADER = "$(TEST_HOST)";
				CODE_SIGN_STYLE = Automatic;
				CURRENT_PROJECT_VERSION = 1;
				GENERATE_INFOPLIST_FILE = YES;
				IPHONEOS_DEPLOYMENT_TARGET = 16.4;
				MARKETING_VERSION = 1.0;
				PRODUCT_BUNDLE_IDENTIFIER = com.owner.BetterRestTests;
				PRODUCT_NAME = "$(TARGET_NAME)";
				SWIFT_EMIT_LOC_STRINGS = NO;
				SWIFT_VERSION = 5.0;
				TARGETED_DEVICE_FAMILY = "1,2";
				TEST_HOST = "$(BUILT_PRODUCTS_DIR)/BetterRest.app/$(BUNDLE_EXECUTABLE_FOLDER_PATH)/BetterRest";
			};
			name = Debug;
		};
		B4C980062B7379AB005936D6 /* Release */ = {
			isa = XCBuildConfiguration;
			buildSettings = {
				ALWAYS_EMBED_SWIFT_STANDARD_LIBRARIES = YES;
				BUNDLE_LOADER = "$(TEST_HOST)";
				CODE_SIGN_STYLE = Automatic;
				CURRENT_PROJECT_VERSION = 1;
				GENERATE_INFOPLIST_FILE = YES;
				IPHONEOS_DEPLOYMENT_TARGET = 16.4;
				MARKETING_VERSION = 1.0;
				PRODUCT_BUNDLE_IDENTIFIER = com.owner.BetterRestTests;
				PRODUCT_NAME = "$(TARGET_NAME)";
				SWIFT_EMIT_LOC_STRINGS = NO;
				SWIFT_VERSION = 5.0;
				TARGETED_DEVICE_FAMILY = "1,2";
				TEST_HOST = "$(BUILT_PRODUCTS_DIR)/BetterRest.app/$(BUNDLE_EXECUTABLE_FOLDER_PATH)/BetterRest";
			};
			name = Release;
		};
		B4C980082B7379AB005936D6 /* Debug */ = {
			isa = XCBuildConfiguration;
			buildSettings = {
				ALWAYS_EMBED_SWIFT_STANDARD_LIBRARIES = YES;
				CODE_SIGN_STYLE = Automatic;
				CURRENT_PROJECT_VERSION = 1;
				GENERATE_INFOPLIST_FILE = YES;
				MARKETING_VERSION = 1.0;
				PRODUCT_BUNDLE_IDENTIFIER = com.owner.BetterRestUITests;
				PRODUCT_NAME = "$(TARGET_NAME)";
				SWIFT_EMIT_LOC_STRINGS = NO;
				SWIFT_VERSION = 5.0;
				TARGETED_DEVICE_FAMILY = "1,2";
				TEST_TARGET_NAME = BetterRest;
			};
			name = Debug;
		};
		B4C980092B7379AB005936D6 /* Release */ = {
			isa = XCBuildConfiguration;
			buildSettings = {
				ALWAYS_EMBED_SWIFT_STANDARD_LIBRARIES = YES;
				CODE_SIGN_STYLE = Automatic;
				CURRENT_PROJECT_VERSION = 1;
				GENERATE_INFOPLIST_FILE = YES;
				MARKETING_VERSION = 1.0;
				PRODUCT_BUNDLE_IDENTIFIER = com.owner.BetterRestUITests;
				PRODUCT_NAME = "$(TARGET_NAME)";
				SWIFT_EMIT_LOC_STRINGS = NO;
				SWIFT_VERSION = 5.0;
				TARGETED_DEVICE_FAMILY = "1,2";
				TEST_TARGET_NAME = BetterRest;
			};
			name = Release;
		};
/* End XCBuildConfiguration section */

/* Begin XCConfigurationList section */
		B4C97FD82B7379AA005936D6 /* Build configuration list for PBXProject "BetterRest" */ = {
			isa = XCConfigurationList;
			buildConfigurations = (
				B4C97FFF2B7379AB005936D6 /* Debug */,
				B4C980002B7379AB005936D6 /* Release */,
			);
			defaultConfigurationIsVisible = 0;
			defaultConfigurationName = Release;
		};
		B4C980012B7379AB005936D6 /* Build configuration list for PBXNativeTarget "BetterRest" */ = {
			isa = XCConfigurationList;
			buildConfigurations = (
				B4C980022B7379AB005936D6 /* Debug */,
				B4C980032B7379AB005936D6 /* Release */,
			);
			defaultConfigurationIsVisible = 0;
			defaultConfigurationName = Release;
		};
		B4C980042B7379AB005936D6 /* Build configuration list for PBXNativeTarget "BetterRestTests" */ = {
			isa = XCConfigurationList;
			buildConfigurations = (
				B4C980052B7379AB005936D6 /* Debug */,
				B4C980062B7379AB005936D6 /* Release */,
			);
			defaultConfigurationIsVisible = 0;
			defaultConfigurationName = Release;
		};
		B4C980072B7379AB005936D6 /* Build configuration list for PBXNativeTarget "BetterRestUITests" */ = {
			isa = XCConfigurationList;
			buildConfigurations = (
				B4C980082B7379AB005936D6 /* Debug */,
				B4C980092B7379AB005936D6 /* Release */,
			);
			defaultConfigurationIsVisible = 0;
			defaultConfigurationName = Release;
		};
/* End XCConfigurationList section */
	};
	rootObject = B4C97FD52B7379AA005936D6 /* Project object */;
}
